
Microsoft Visual Studio Solution File, Format Version 12.00
# Visual Studio Version 17
VisualStudioVersion = 17.1.32414.318
MinimumVisualStudioVersion = 10.0.40219.1
Project("{FAE04EC0-301F-11D3-BF4B-00C04F79EFBC}") = "ReceiverServer", "ReceiverServer\ReceiverServer.csproj", "{C179E380-EB00-47BF-BF30-0E8D319D3666}"
EndProject
Global
	GlobalSection(SolutionConfigurationPlatforms) = preSolution
		Debug|Any CPU = Debug|Any CPU
		Release|Any CPU = Release|Any CPU
	EndGlobalSection
	GlobalSection(ProjectConfigurationPlatforms) = postSolution
		{C179E380-EB00-47BF-BF30-0E8D319D3666}.Debug|Any CPU.ActiveCfg = Debug|Any CPU
		{C179E380-EB00-47BF-BF30-0E8D319D3666}.Debug|Any CPU.Build.0 = Debug|Any CPU
		{C179E380-EB00-47BF-BF30-0E8D319D3666}.Release|Any CPU.ActiveCfg = Release|Any CPU
		{C179E380-EB00-47BF-BF30-0E8D319D3666}.Release|Any CPU.Build.0 = Release|Any CPU
	EndGlobalSection
	GlobalSection(SolutionProperties) = preSolution
		HideSolutionNode = FALSE
	EndGlobalSection
	GlobalSection(ExtensibilityGlobals) = postSolution
		SolutionGuid = {5171509C-1281-447A-940D-B9E5A1C870F1}
	EndGlobalSection
EndGlobal
