
Microsoft Visual Studio Solution File, Format Version 12.00
# Visual Studio Version 17
VisualStudioVersion = 17.1.32414.318
MinimumVisualStudioVersion = 10.0.40219.1
Project("{FAE04EC0-301F-11D3-BF4B-00C04F79EFBC}") = "PD5", "PD5\PD5.csproj", "{30C08BB1-169D-4610-B3F9-4F31494E2037}"
EndProject
Global
	GlobalSection(SolutionConfigurationPlatforms) = preSolution
		Debug|Any CPU = Debug|Any CPU
		Release|Any CPU = Release|Any CPU
	EndGlobalSection
	GlobalSection(ProjectConfigurationPlatforms) = postSolution
		{30C08BB1-169D-4610-B3F9-4F31494E2037}.Debug|Any CPU.ActiveCfg = Debug|Any CPU
		{30C08BB1-169D-4610-B3F9-4F31494E2037}.Debug|Any CPU.Build.0 = Debug|Any CPU
		{30C08BB1-169D-4610-B3F9-4F31494E2037}.Release|Any CPU.ActiveCfg = Release|Any CPU
		{30C08BB1-169D-4610-B3F9-4F31494E2037}.Release|Any CPU.Build.0 = Release|Any CPU
	EndGlobalSection
	GlobalSection(SolutionProperties) = preSolution
		HideSolutionNode = FALSE
	EndGlobalSection
	GlobalSection(ExtensibilityGlobals) = postSolution
		SolutionGuid = {99B570D9-1E1D-4672-9294-88AE9DCB3FC8}
	EndGlobalSection
EndGlobal
